github.com/deemount/gobpmnModels v0.0.0-20240311093948-b01f02056cfd h1:oIgofljbjfA5zD4oVriqu6Asp0BOToPwf8G0MNmFleM=
github.com/deemount/gobpmnModels v0.0.0-20240311093948-b01f02056cfd/go.mod h1:8HkFs9SEoVS0iCV/f6arOQesRWxSnjSO6m4e5Bk1S04=
github.com/deemount/gobpmnTypes v0.0.0-20240311093047-4625a7520eed h1:/mgi7QZhEXWgyTDig3smB/jcvo6WR3idgZx0ugzcMcc=
github.com/deemount/gobpmnTypes v0.0.0-20240311093047-4625a7520eed/go.mod h1:Dw7Jo8/vr0DzNHNMnbwQu0JSMWm2klNdo00rcxHCzJs=
